// !$*UTF8*$!
{
	archiveVersion = 1;
	classes = {
	};
	objectVersion = 56;
	objects = {

/* Begin PBXBuildFile section */
		33A0A2D12BF7BC1F00B4DB86 /* AccountSettingsView.swift in Sources */ = {isa = PBXBuildFile; fileRef = 33A0A2D02BF7BC1F00B4DB86 /* AccountSettingsView.swift */; };
		33D55E822BF26E7B000DF7F6 /* PostView.swift in Sources */ = {isa = PBXBuildFile; fileRef = 33D55E812BF26E7B000DF7F6 /* PostView.swift */; };
		33D55E842BF27139000DF7F6 /* womenInStem.jpg in Resources */ = {isa = PBXBuildFile; fileRef = 33D55E832BF27139000DF7F6 /* womenInStem.jpg */; };
		33D55E862BF27928000DF7F6 /* SamplePlaylistView.swift in Sources */ = {isa = PBXBuildFile; fileRef = 33D55E852BF27928000DF7F6 /* SamplePlaylistView.swift */; };
		33D5F85C2BF507E900021947 /* PostsCustomView.swift in Sources */ = {isa = PBXBuildFile; fileRef = 33D5F85B2BF507E900021947 /* PostsCustomView.swift */; };
		33D5F8602BF50EA700021947 /* CreateAccView.swift in Sources */ = {isa = PBXBuildFile; fileRef = 33D5F85F2BF50EA700021947 /* CreateAccView.swift */; };
		33D5F8622BF51FA800021947 /* CaptionView.swift in Sources */ = {isa = PBXBuildFile; fileRef = 33D5F8612BF51FA800021947 /* CaptionView.swift */; };
		33E08F392BF3B99700195279 /* AddSongsSheetView.swift in Sources */ = {isa = PBXBuildFile; fileRef = 33E08F382BF3B99700195279 /* AddSongsSheetView.swift */; };
		33F6FF352BEE6F8600BF99D1 /* instafyApp.swift in Sources */ = {isa = PBXBuildFile; fileRef = 33F6FF342BEE6F8600BF99D1 /* instafyApp.swift */; };
		33F6FF372BEE6F8600BF99D1 /* ContentView.swift in Sources */ = {isa = PBXBuildFile; fileRef = 33F6FF362BEE6F8600BF99D1 /* ContentView.swift */; };
		33F6FF392BEE6F8800BF99D1 /* Assets.xcassets in Resources */ = {isa = PBXBuildFile; fileRef = 33F6FF382BEE6F8800BF99D1 /* Assets.xcassets */; };
		33F6FF3C2BEE6F8800BF99D1 /* Preview Assets.xcassets in Resources */ = {isa = PBXBuildFile; fileRef = 33F6FF3B2BEE6F8800BF99D1 /* Preview Assets.xcassets */; };
		33F6FF462BEE6F8800BF99D1 /* instafyTests.swift in Sources */ = {isa = PBXBuildFile; fileRef = 33F6FF452BEE6F8800BF99D1 /* instafyTests.swift */; };
		33F6FF502BEE6F8800BF99D1 /* instafyUITests.swift in Sources */ = {isa = PBXBuildFile; fileRef = 33F6FF4F2BEE6F8800BF99D1 /* instafyUITests.swift */; };
		33F6FF522BEE6F8800BF99D1 /* instafyUITestsLaunchTests.swift in Sources */ = {isa = PBXBuildFile; fileRef = 33F6FF512BEE6F8800BF99D1 /* instafyUITestsLaunchTests.swift */; };
		33F6FF612BEE78DD00BF99D1 /* instafyLogo.png in Resources */ = {isa = PBXBuildFile; fileRef = 33F6FF602BEE78DD00BF99D1 /* instafyLogo.png */; };
		33F6FF652BEE7C0900BF99D1 /* HomePageView.swift in Sources */ = {isa = PBXBuildFile; fileRef = 33F6FF642BEE7C0900BF99D1 /* HomePageView.swift */; };
/* End PBXBuildFile section */

/* Begin PBXContainerItemProxy section */
		33F6FF422BEE6F8800BF99D1 /* PBXContainerItemProxy */ = {
			isa = PBXContainerItemProxy;
			containerPortal = 33F6FF292BEE6F8600BF99D1 /* Project object */;
			proxyType = 1;
			remoteGlobalIDString = 33F6FF302BEE6F8600BF99D1;
			remoteInfo = instafy;
		};
		33F6FF4C2BEE6F8800BF99D1 /* PBXContainerItemProxy */ = {
			isa = PBXContainerItemProxy;
			containerPortal = 33F6FF292BEE6F8600BF99D1 /* Project object */;
			proxyType = 1;
			remoteGlobalIDString = 33F6FF302BEE6F8600BF99D1;
			remoteInfo = instafy;
		};
/* End PBXContainerItemProxy section */

/* Begin PBXFileReference section */
		33A0A2D02BF7BC1F00B4DB86 /* AccountSettingsView.swift */ = {isa = PBXFileReference; lastKnownFileType = sourcecode.swift; path = AccountSettingsView.swift; sourceTree = "<group>"; };
		33D55E812BF26E7B000DF7F6 /* PostView.swift */ = {isa = PBXFileReference; lastKnownFileType = sourcecode.swift; path = PostView.swift; sourceTree = "<group>"; };
		33D55E832BF27139000DF7F6 /* womenInStem.jpg */ = {isa = PBXFileReference; lastKnownFileType = image.jpeg; path = womenInStem.jpg; sourceTree = "<group>"; };
		33D55E852BF27928000DF7F6 /* SamplePlaylistView.swift */ = {isa = PBXFileReference; lastKnownFileType = sourcecode.swift; path = SamplePlaylistView.swift; sourceTree = "<group>"; };
		33D5F85B2BF507E900021947 /* PostsCustomView.swift */ = {isa = PBXFileReference; lastKnownFileType = sourcecode.swift; path = PostsCustomView.swift; sourceTree = "<group>"; };
		33D5F85F2BF50EA700021947 /* CreateAccView.swift */ = {isa = PBXFileReference; lastKnownFileType = sourcecode.swift; path = CreateAccView.swift; sourceTree = "<group>"; };
		33D5F8612BF51FA800021947 /* CaptionView.swift */ = {isa = PBXFileReference; lastKnownFileType = sourcecode.swift; path = CaptionView.swift; sourceTree = "<group>"; };
		33E08F382BF3B99700195279 /* AddSongsSheetView.swift */ = {isa = PBXFileReference; lastKnownFileType = sourcecode.swift; path = AddSongsSheetView.swift; sourceTree = "<group>"; };
		33F6FF312BEE6F8600BF99D1 /* instafy.app */ = {isa = PBXFileReference; explicitFileType = wrapper.application; includeInIndex = 0; path = instafy.app; sourceTree = BUILT_PRODUCTS_DIR; };
		33F6FF342BEE6F8600BF99D1 /* instafyApp.swift */ = {isa = PBXFileReference; lastKnownFileType = sourcecode.swift; path = instafyApp.swift; sourceTree = "<group>"; };
		33F6FF362BEE6F8600BF99D1 /* ContentView.swift */ = {isa = PBXFileReference; lastKnownFileType = sourcecode.swift; path = ContentView.swift; sourceTree = "<group>"; };
		33F6FF382BEE6F8800BF99D1 /* Assets.xcassets */ = {isa = PBXFileReference; lastKnownFileType = folder.assetcatalog; path = Assets.xcassets; sourceTree = "<group>"; };
		33F6FF3B2BEE6F8800BF99D1 /* Preview Assets.xcassets */ = {isa = PBXFileReference; lastKnownFileType = folder.assetcatalog; path = "Preview Assets.xcassets"; sourceTree = "<group>"; };
		33F6FF412BEE6F8800BF99D1 /* instafyTests.xctest */ = {isa = PBXFileReference; explicitFileType = wrapper.cfbundle; includeInIndex = 0; path = instafyTests.xctest; sourceTree = BUILT_PRODUCTS_DIR; };
		33F6FF452BEE6F8800BF99D1 /* instafyTests.swift */ = {isa = PBXFileReference; lastKnownFileType = sourcecode.swift; path = instafyTests.swift; sourceTree = "<group>"; };
		33F6FF4B2BEE6F8800BF99D1 /* instafyUITests.xctest */ = {isa = PBXFileReference; explicitFileType = wrapper.cfbundle; includeInIndex = 0; path = instafyUITests.xctest; sourceTree = BUILT_PRODUCTS_DIR; };
		33F6FF4F2BEE6F8800BF99D1 /* instafyUITests.swift */ = {isa = PBXFileReference; lastKnownFileType = sourcecode.swift; path = instafyUITests.swift; sourceTree = "<group>"; };
		33F6FF512BEE6F8800BF99D1 /* instafyUITestsLaunchTests.swift */ = {isa = PBXFileReference; lastKnownFileType = sourcecode.swift; path = instafyUITestsLaunchTests.swift; sourceTree = "<group>"; };
		33F6FF602BEE78DD00BF99D1 /* instafyLogo.png */ = {isa = PBXFileReference; lastKnownFileType = image.png; path = instafyLogo.png; sourceTree = "<group>"; };
		33F6FF642BEE7C0900BF99D1 /* HomePageView.swift */ = {isa = PBXFileReference; lastKnownFileType = sourcecode.swift; path = HomePageView.swift; sourceTree = "<group>"; };
/* End PBXFileReference section */

/* Begin PBXFrameworksBuildPhase section */
		33F6FF2E2BEE6F8600BF99D1 /* Frameworks */ = {
			isa = PBXFrameworksBuildPhase;
			buildActionMask = 2147483647;
			files = (
			);
			runOnlyForDeploymentPostprocessing = 0;
		};
		33F6FF3E2BEE6F8800BF99D1 /* Frameworks */ = {
			isa = PBXFrameworksBuildPhase;
			buildActionMask = 2147483647;
			files = (
			);
			runOnlyForDeploymentPostprocessing = 0;
		};
		33F6FF482BEE6F8800BF99D1 /* Frameworks */ = {
			isa = PBXFrameworksBuildPhase;
			buildActionMask = 2147483647;
			files = (
			);
			runOnlyForDeploymentPostprocessing = 0;
		};
/* End PBXFrameworksBuildPhase section */

/* Begin PBXGroup section */
		33F6FF282BEE6F8600BF99D1 = {
			isa = PBXGroup;
			children = (
				33F6FF332BEE6F8600BF99D1 /* instafy */,
				33F6FF442BEE6F8800BF99D1 /* instafyTests */,
				33F6FF4E2BEE6F8800BF99D1 /* instafyUITests */,
				33F6FF322BEE6F8600BF99D1 /* Products */,
			);
			sourceTree = "<group>";
		};
		33F6FF322BEE6F8600BF99D1 /* Products */ = {
			isa = PBXGroup;
			children = (
				33F6FF312BEE6F8600BF99D1 /* instafy.app */,
				33F6FF412BEE6F8800BF99D1 /* instafyTests.xctest */,
				33F6FF4B2BEE6F8800BF99D1 /* instafyUITests.xctest */,
			);
			name = Products;
			sourceTree = "<group>";
		};
		33F6FF332BEE6F8600BF99D1 /* instafy */ = {
			isa = PBXGroup;
			children = (
				33F6FF342BEE6F8600BF99D1 /* instafyApp.swift */,
				33F6FF362BEE6F8600BF99D1 /* ContentView.swift */,
				33F6FF642BEE7C0900BF99D1 /* HomePageView.swift */,
				33D55E812BF26E7B000DF7F6 /* PostView.swift */,
				33D5F85B2BF507E900021947 /* PostsCustomView.swift */,
				33D55E852BF27928000DF7F6 /* SamplePlaylistView.swift */,
				33E08F382BF3B99700195279 /* AddSongsSheetView.swift */,
				33D5F85F2BF50EA700021947 /* CreateAccView.swift */,
				33D5F8612BF51FA800021947 /* CaptionView.swift */,
				33A0A2D02BF7BC1F00B4DB86 /* AccountSettingsView.swift */,
				33F6FF602BEE78DD00BF99D1 /* instafyLogo.png */,
				33D55E832BF27139000DF7F6 /* womenInStem.jpg */,
				33F6FF382BEE6F8800BF99D1 /* Assets.xcassets */,
				33F6FF3A2BEE6F8800BF99D1 /* Preview Content */,
			);
			path = instafy;
			sourceTree = "<group>";
		};
		33F6FF3A2BEE6F8800BF99D1 /* Preview Content */ = {
			isa = PBXGroup;
			children = (
				33F6FF3B2BEE6F8800BF99D1 /* Preview Assets.xcassets */,
			);
			path = "Preview Content";
			sourceTree = "<group>";
		};
		33F6FF442BEE6F8800BF99D1 /* instafyTests */ = {
			isa = PBXGroup;
			children = (
				33F6FF452BEE6F8800BF99D1 /* instafyTests.swift */,
			);
			path = instafyTests;
			sourceTree = "<group>";
		};
		33F6FF4E2BEE6F8800BF99D1 /* instafyUITests */ = {
			isa = PBXGroup;
			children = (
				33F6FF4F2BEE6F8800BF99D1 /* instafyUITests.swift */,
				33F6FF512BEE6F8800BF99D1 /* instafyUITestsLaunchTests.swift */,
			);
			path = instafyUITests;
			sourceTree = "<group>";
		};
/* End PBXGroup section */

/* Begin PBXNativeTarget section */
		33F6FF302BEE6F8600BF99D1 /* instafy */ = {
			isa = PBXNativeTarget;
			buildConfigurationList = 33F6FF552BEE6F8800BF99D1 /* Build configuration list for PBXNativeTarget "instafy" */;
			buildPhases = (
				33F6FF2D2BEE6F8600BF99D1 /* Sources */,
				33F6FF2E2BEE6F8600BF99D1 /* Frameworks */,
				33F6FF2F2BEE6F8600BF99D1 /* Resources */,
			);
			buildRules = (
			);
			dependencies = (
			);
			name = instafy;
			productName = instafy;
			productReference = 33F6FF312BEE6F8600BF99D1 /* instafy.app */;
			productType = "com.apple.product-type.application";
		};
		33F6FF402BEE6F8800BF99D1 /* instafyTests */ = {
			isa = PBXNativeTarget;
			buildConfigurationList = 33F6FF582BEE6F8800BF99D1 /* Build configuration list for PBXNativeTarget "instafyTests" */;
			buildPhases = (
				33F6FF3D2BEE6F8800BF99D1 /* Sources */,
				33F6FF3E2BEE6F8800BF99D1 /* Frameworks */,
				33F6FF3F2BEE6F8800BF99D1 /* Resources */,
			);
			buildRules = (
			);
			dependencies = (
				33F6FF432BEE6F8800BF99D1 /* PBXTargetDependency */,
			);
			name = instafyTests;
			productName = instafyTests;
			productReference = 33F6FF412BEE6F8800BF99D1 /* instafyTests.xctest */;
			productType = "com.apple.product-type.bundle.unit-test";
		};
		33F6FF4A2BEE6F8800BF99D1 /* instafyUITests */ = {
			isa = PBXNativeTarget;
			buildConfigurationList = 33F6FF5B2BEE6F8800BF99D1 /* Build configuration list for PBXNativeTarget "instafyUITests" */;
			buildPhases = (
				33F6FF472BEE6F8800BF99D1 /* Sources */,
				33F6FF482BEE6F8800BF99D1 /* Frameworks */,
				33F6FF492BEE6F8800BF99D1 /* Resources */,
			);
			buildRules = (
			);
			dependencies = (
				33F6FF4D2BEE6F8800BF99D1 /* PBXTargetDependency */,
			);
			name = instafyUITests;
			productName = instafyUITests;
			productReference = 33F6FF4B2BEE6F8800BF99D1 /* instafyUITests.xctest */;
			productType = "com.apple.product-type.bundle.ui-testing";
		};
/* End PBXNativeTarget section */

/* Begin PBXProject section */
		33F6FF292BEE6F8600BF99D1 /* Project object */ = {
			isa = PBXProject;
			attributes = {
				BuildIndependentTargetsInParallel = 1;
				LastSwiftUpdateCheck = 1510;
				LastUpgradeCheck = 1510;
				TargetAttributes = {
					33F6FF302BEE6F8600BF99D1 = {
						CreatedOnToolsVersion = 15.1;
					};
					33F6FF402BEE6F8800BF99D1 = {
						CreatedOnToolsVersion = 15.1;
						TestTargetID = 33F6FF302BEE6F8600BF99D1;
					};
					33F6FF4A2BEE6F8800BF99D1 = {
						CreatedOnToolsVersion = 15.1;
						TestTargetID = 33F6FF302BEE6F8600BF99D1;
					};
				};
			};
			buildConfigurationList = 33F6FF2C2BEE6F8600BF99D1 /* Build configuration list for PBXProject "instafy" */;
			compatibilityVersion = "Xcode 14.0";
			developmentRegion = en;
			hasScannedForEncodings = 0;
			knownRegions = (
				en,
				Base,
			);
			mainGroup = 33F6FF282BEE6F8600BF99D1;
			productRefGroup = 33F6FF322BEE6F8600BF99D1 /* Products */;
			projectDirPath = "";
			projectRoot = "";
			targets = (
				33F6FF302BEE6F8600BF99D1 /* instafy */,
				33F6FF402BEE6F8800BF99D1 /* instafyTests */,
				33F6FF4A2BEE6F8800BF99D1 /* instafyUITests */,
			);
		};
/* End PBXProject section */

/* Begin PBXResourcesBuildPhase section */
		33F6FF2F2BEE6F8600BF99D1 /* Resources */ = {
			isa = PBXResourcesBuildPhase;
			buildActionMask = 2147483647;
			files = (
				33D55E842BF27139000DF7F6 /* womenInStem.jpg in Resources */,
				33F6FF3C2BEE6F8800BF99D1 /* Preview Assets.xcassets in Resources */,
				33F6FF612BEE78DD00BF99D1 /* instafyLogo.png in Resources */,
				33F6FF392BEE6F8800BF99D1 /* Assets.xcassets in Resources */,
			);
			runOnlyForDeploymentPostprocessing = 0;
		};
		33F6FF3F2BEE6F8800BF99D1 /* Resources */ = {
			isa = PBXResourcesBuildPhase;
			buildActionMask = 2147483647;
			files = (
			);
			runOnlyForDeploymentPostprocessing = 0;
		};
		33F6FF492BEE6F8800BF99D1 /* Resources */ = {
			isa = PBXResourcesBuildPhase;
			buildActionMask = 2147483647;
			files = (
			);
			runOnlyForDeploymentPostprocessing = 0;
		};
/* End PBXResourcesBuildPhase section */

/* Begin PBXSourcesBuildPhase section */
		33F6FF2D2BEE6F8600BF99D1 /* Sources */ = {
			isa = PBXSourcesBuildPhase;
			buildActionMask = 2147483647;
			files = (
				33F6FF372BEE6F8600BF99D1 /* ContentView.swift in Sources */,
				33D55E862BF27928000DF7F6 /* SamplePlaylistView.swift in Sources */,
				33F6FF652BEE7C0900BF99D1 /* HomePageView.swift in Sources */,
				33E08F392BF3B99700195279 /* AddSongsSheetView.swift in Sources */,
				33D5F8602BF50EA700021947 /* CreateAccView.swift in Sources */,
				33D5F8622BF51FA800021947 /* CaptionView.swift in Sources */,
				33D55E822BF26E7B000DF7F6 /* PostView.swift in Sources */,
				33F6FF352BEE6F8600BF99D1 /* instafyApp.swift in Sources */,
				33D5F85C2BF507E900021947 /* PostsCustomView.swift in Sources */,
				33A0A2D12BF7BC1F00B4DB86 /* AccountSettingsView.swift in Sources */,
			);
			runOnlyForDeploymentPostprocessing = 0;
		};
		33F6FF3D2BEE6F8800BF99D1 /* Sources */ = {
			isa = PBXSourcesBuildPhase;
			buildActionMask = 2147483647;
			files = (
				33F6FF462BEE6F8800BF99D1 /* instafyTests.swift in Sources */,
			);
			runOnlyForDeploymentPostprocessing = 0;
		};
		33F6FF472BEE6F8800BF99D1 /* Sources */ = {
			isa = PBXSourcesBuildPhase;
			buildActionMask = 2147483647;
			files = (
				33F6FF502BEE6F8800BF99D1 /* instafyUITests.swift in Sources */,
				33F6FF522BEE6F8800BF99D1 /* instafyUITestsLaunchTests.swift in Sources */,
			);
			runOnlyForDeploymentPostprocessing = 0;
		};
/* End PBXSourcesBuildPhase section */

/* Begin PBXTargetDependency section */
		33F6FF432BEE6F8800BF99D1 /* PBXTargetDependency */ = {
			isa = PBXTargetDependency;
			target = 33F6FF302BEE6F8600BF99D1 /* instafy */;
			targetProxy = 33F6FF422BEE6F8800BF99D1 /* PBXContainerItemProxy */;
		};
		33F6FF4D2BEE6F8800BF99D1 /* PBXTargetDependency */ = {
			isa = PBXTargetDependency;
			target = 33F6FF302BEE6F8600BF99D1 /* instafy */;
			targetProxy = 33F6FF4C2BEE6F8800BF99D1 /* PBXContainerItemProxy */;
		};
/* End PBXTargetDependency section */

/* Begin XCBuildConfiguration section */
		33F6FF532BEE6F8800BF99D1 /* Debug */ = {
			isa = XCBuildConfiguration;
			buildSettings = {
				ALWAYS_SEARCH_USER_PATHS = NO;
				ASSETCATALOG_COMPILER_GENERATE_SWIFT_ASSET_SYMBOL_EXTENSIONS = YES;
				CLANG_ANALYZER_NONNULL = YES;
				CLANG_ANALYZER_NUMBER_OBJECT_CONVERSION = YES_AGGRESSIVE;
				CLANG_CXX_LANGUAGE_STANDARD = "gnu++20";
				CLANG_ENABLE_MODULES = YES;
				CLANG_ENABLE_OBJC_ARC = YES;
				CLANG_ENABLE_OBJC_WEAK = YES;
				CLANG_WARN_BLOCK_CAPTURE_AUTORELEASING = YES;
				CLANG_WARN_BOOL_CONVERSION = YES;
				CLANG_WARN_COMMA = YES;
				CLANG_WARN_CONSTANT_CONVERSION = YES;
				CLANG_WARN_DEPRECATED_OBJC_IMPLEMENTATIONS = YES;
				CLANG_WARN_DIRECT_OBJC_ISA_USAGE = YES_ERROR;
				CLANG_WARN_DOCUMENTATION_COMMENTS = YES;
				CLANG_WARN_EMPTY_BODY = YES;
				CLANG_WARN_ENUM_CONVERSION = YES;
				CLANG_WARN_INFINITE_RECURSION = YES;
				CLANG_WARN_INT_CONVERSION = YES;
				CLANG_WARN_NON_LITERAL_NULL_CONVERSION = YES;
				CLANG_WARN_OBJC_IMPLICIT_RETAIN_SELF = YES;
				CLANG_WARN_OBJC_LITERAL_CONVERSION = YES;
				CLANG_WARN_OBJC_ROOT_CLASS = YES_ERROR;
				CLANG_WARN_QUOTED_INCLUDE_IN_FRAMEWORK_HEADER = YES;
				CLANG_WARN_RANGE_LOOP_ANALYSIS = YES;
				CLANG_WARN_STRICT_PROTOTYPES = YES;
				CLANG_WARN_SUSPICIOUS_MOVE = YES;
				CLANG_WARN_UNGUARDED_AVAILABILITY = YES_AGGRESSIVE;
				CLANG_WARN_UNREACHABLE_CODE = YES;
				CLANG_WARN__DUPLICATE_METHOD_MATCH = YES;
				COPY_PHASE_STRIP = NO;
				DEBUG_INFORMATION_FORMAT = dwarf;
				ENABLE_STRICT_OBJC_MSGSEND = YES;
				ENABLE_TESTABILITY = YES;
				ENABLE_USER_SCRIPT_SANDBOXING = YES;
				GCC_C_LANGUAGE_STANDARD = gnu17;
				GCC_DYNAMIC_NO_PIC = NO;
				GCC_NO_COMMON_BLOCKS = YES;
				GCC_OPTIMIZATION_LEVEL = 0;
				GCC_PREPROCESSOR_DEFINITIONS = (
					"DEBUG=1",
					"$(inherited)",
				);
				GCC_WARN_64_TO_32_BIT_CONVERSION = YES;
				GCC_WARN_ABOUT_RETURN_TYPE = YES_ERROR;
				GCC_WARN_UNDECLARED_SELECTOR = YES;
				GCC_WARN_UNINITIALIZED_AUTOS = YES_AGGRESSIVE;
				GCC_WARN_UNUSED_FUNCTION = YES;
				GCC_WARN_UNUSED_VARIABLE = YES;
				IPHONEOS_DEPLOYMENT_TARGET = 17.2;
				LOCALIZATION_PREFERS_STRING_CATALOGS = YES;
				MTL_ENABLE_DEBUG_INFO = INCLUDE_SOURCE;
				MTL_FAST_MATH = YES;
				ONLY_ACTIVE_ARCH = YES;
				SDKROOT = iphoneos;
				SWIFT_ACTIVE_COMPILATION_CONDITIONS = "DEBUG $(inherited)";
				SWIFT_OPTIMIZATION_LEVEL = "-Onone";
			};
			name = Debug;
		};
		33F6FF542BEE6F8800BF99D1 /* Release */ = {
			isa = XCBuildConfiguration;
			buildSettings = {
				ALWAYS_SEARCH_USER_PATHS = NO;
				ASSETCATALOG_COMPILER_GENERATE_SWIFT_ASSET_SYMBOL_EXTENSIONS = YES;
				CLANG_ANALYZER_NONNULL = YES;
				CLANG_ANALYZER_NUMBER_OBJECT_CONVERSION = YES_AGGRESSIVE;
				CLANG_CXX_LANGUAGE_STANDARD = "gnu++20";
				CLANG_ENABLE_MODULES = YES;
				CLANG_ENABLE_OBJC_ARC = YES;
				CLANG_ENABLE_OBJC_WEAK = YES;
				CLANG_WARN_BLOCK_CAPTURE_AUTORELEASING = YES;
				CLANG_WARN_BOOL_CONVERSION = YES;
				CLANG_WARN_COMMA = YES;
				CLANG_WARN_CONSTANT_CONVERSION = YES;
				CLANG_WARN_DEPRECATED_OBJC_IMPLEMENTATIONS = YES;
				CLANG_WARN_DIRECT_OBJC_ISA_USAGE = YES_ERROR;
				CLANG_WARN_DOCUMENTATION_COMMENTS = YES;
				CLANG_WARN_EMPTY_BODY = YES;
				CLANG_WARN_ENUM_CONVERSION = YES;
				CLANG_WARN_INFINITE_RECURSION = YES;
				CLANG_WARN_INT_CONVERSION = YES;
				CLANG_WARN_NON_LITERAL_NULL_CONVERSION = YES;
				CLANG_WARN_OBJC_IMPLICIT_RETAIN_SELF = YES;
				CLANG_WARN_OBJC_LITERAL_CONVERSION = YES;
				CLANG_WARN_OBJC_ROOT_CLASS = YES_ERROR;
				CLANG_WARN_QUOTED_INCLUDE_IN_FRAMEWORK_HEADER = YES;
				CLANG_WARN_RANGE_LOOP_ANALYSIS = YES;
				CLANG_WARN_STRICT_PROTOTYPES = YES;
				CLANG_WARN_SUSPICIOUS_MOVE = YES;
				CLANG_WARN_UNGUARDED_AVAILABILITY = YES_AGGRESSIVE;
				CLANG_WARN_UNREACHABLE_CODE = YES;
				CLANG_WARN__DUPLICATE_METHOD_MATCH = YES;
				COPY_PHASE_STRIP = NO;
				DEBUG_INFORMATION_FORMAT = "dwarf-with-dsym";
				ENABLE_NS_ASSERTIONS = NO;
				ENABLE_STRICT_OBJC_MSGSEND = YES;
				ENABLE_USER_SCRIPT_SANDBOXING = YES;
				GCC_C_LANGUAGE_STANDARD = gnu17;
				GCC_NO_COMMON_BLOCKS = YES;
				GCC_WARN_64_TO_32_BIT_CONVERSION = YES;
				GCC_WARN_ABOUT_RETURN_TYPE = YES_ERROR;
				GCC_WARN_UNDECLARED_SELECTOR = YES;
				GCC_WARN_UNINITIALIZED_AUTOS = YES_AGGRESSIVE;
				GCC_WARN_UNUSED_FUNCTION = YES;
				GCC_WARN_UNUSED_VARIABLE = YES;
				IPHONEOS_DEPLOYMENT_TARGET = 17.2;
				LOCALIZATION_PREFERS_STRING_CATALOGS = YES;
				MTL_ENABLE_DEBUG_INFO = NO;
				MTL_FAST_MATH = YES;
				SDKROOT = iphoneos;
				SWIFT_COMPILATION_MODE = wholemodule;
				VALIDATE_PRODUCT = YES;
			};
			name = Release;
		};
		33F6FF562BEE6F8800BF99D1 /* Debug */ = {
			isa = XCBuildConfiguration;
			buildSettings = {
				ASSETCATALOG_COMPILER_APPICON_NAME = AppIcon;
				ASSETCATALOG_COMPILER_GLOBAL_ACCENT_COLOR_NAME = AccentColor;
				CODE_SIGN_STYLE = Automatic;
				CURRENT_PROJECT_VERSION = 1;
				DEVELOPMENT_ASSET_PATHS = "\"instafy/Preview Content\"";
				ENABLE_PREVIEWS = YES;
				GENERATE_INFOPLIST_FILE = YES;
				INFOPLIST_KEY_UIApplicationSceneManifest_Generation = YES;
				INFOPLIST_KEY_UIApplicationSupportsIndirectInputEvents = YES;
				INFOPLIST_KEY_UILaunchScreen_Generation = YES;
				INFOPLIST_KEY_UISupportedInterfaceOrientations_iPad = "UIInterfaceOrientationPortrait UIInterfaceOrientationPortraitUpsideDown UIInterfaceOrientationLandscapeLeft UIInterfaceOrientationLandscapeRight";
				INFOPLIST_KEY_UISupportedInterfaceOrientations_iPhone = "UIInterfaceOrientationPortrait UIInterfaceOrientationLandscapeLeft UIInterfaceOrientationLandscapeRight";
				LD_RUNPATH_SEARCH_PATHS = (
					"$(inherited)",
					"@executable_path/Frameworks",
				);
				MARKETING_VERSION = 1.0;
				PRODUCT_BUNDLE_IDENTIFIER = com.metroed.instafy;
				PRODUCT_NAME = "$(TARGET_NAME)";
				SWIFT_EMIT_LOC_STRINGS = YES;
				SWIFT_VERSION = 5.0;
				TARGETED_DEVICE_FAMILY = "1,2";
			};
			name = Debug;
		};
		33F6FF572BEE6F8800BF99D1 /* Release */ = {
			isa = XCBuildConfiguration;
			buildSettings = {
				ASSETCATALOG_COMPILER_APPICON_NAME = AppIcon;
				ASSETCATALOG_COMPILER_GLOBAL_ACCENT_COLOR_NAME = AccentColor;
				CODE_SIGN_STYLE = Automatic;
				CURRENT_PROJECT_VERSION = 1;
				DEVELOPMENT_ASSET_PATHS = "\"instafy/Preview Content\"";
				ENABLE_PREVIEWS = YES;
				GENERATE_INFOPLIST_FILE = YES;
				INFOPLIST_KEY_UIApplicationSceneManifest_Generation = YES;
				INFOPLIST_KEY_UIApplicationSupportsIndirectInputEvents = YES;
				INFOPLIST_KEY_UILaunchScreen_Generation = YES;
				INFOPLIST_KEY_UISupportedInterfaceOrientations_iPad = "UIInterfaceOrientationPortrait UIInterfaceOrientationPortraitUpsideDown UIInterfaceOrientationLandscapeLeft UIInterfaceOrientationLandscapeRight";
				INFOPLIST_KEY_UISupportedInterfaceOrientations_iPhone = "UIInterfaceOrientationPortrait UIInterfaceOrientationLandscapeLeft UIInterfaceOrientationLandscapeRight";
				LD_RUNPATH_SEARCH_PATHS = (
					"$(inherited)",
					"@executable_path/Frameworks",
				);
				MARKETING_VERSION = 1.0;
				PRODUCT_BUNDLE_IDENTIFIER = com.metroed.instafy;
				PRODUCT_NAME = "$(TARGET_NAME)";
				SWIFT_EMIT_LOC_STRINGS = YES;
				SWIFT_VERSION = 5.0;
				TARGETED_DEVICE_FAMILY = "1,2";
			};
			name = Release;
		};
		33F6FF592BEE6F8800BF99D1 /* Debug */ = {
			isa = XCBuildConfiguration;
			buildSettings = {
				ALWAYS_EMBED_SWIFT_STANDARD_LIBRARIES = YES;
				BUNDLE_LOADER = "$(TEST_HOST)";
				CODE_SIGN_STYLE = Automatic;
				CURRENT_PROJECT_VERSION = 1;
				GENERATE_INFOPLIST_FILE = YES;
				IPHONEOS_DEPLOYMENT_TARGET = 17.2;
				MARKETING_VERSION = 1.0;
				PRODUCT_BUNDLE_IDENTIFIER = com.metroed.instafyTests;
				PRODUCT_NAME = "$(TARGET_NAME)";
				SWIFT_EMIT_LOC_STRINGS = NO;
				SWIFT_VERSION = 5.0;
				TARGETED_DEVICE_FAMILY = "1,2";
				TEST_HOST = "$(BUILT_PRODUCTS_DIR)/instafy.app/$(BUNDLE_EXECUTABLE_FOLDER_PATH)/instafy";
			};
			name = Debug;
		};
		33F6FF5A2BEE6F8800BF99D1 /* Release */ = {
			isa = XCBuildConfiguration;
			buildSettings = {
				ALWAYS_EMBED_SWIFT_STANDARD_LIBRARIES = YES;
				BUNDLE_LOADER = "$(TEST_HOST)";
				CODE_SIGN_STYLE = Automatic;
				CURRENT_PROJECT_VERSION = 1;
				GENERATE_INFOPLIST_FILE = YES;
				IPHONEOS_DEPLOYMENT_TARGET = 17.2;
				MARKETING_VERSION = 1.0;
				PRODUCT_BUNDLE_IDENTIFIER = com.metroed.instafyTests;
				PRODUCT_NAME = "$(TARGET_NAME)";
				SWIFT_EMIT_LOC_STRINGS = NO;
				SWIFT_VERSION = 5.0;
				TARGETED_DEVICE_FAMILY = "1,2";
				TEST_HOST = "$(BUILT_PRODUCTS_DIR)/instafy.app/$(BUNDLE_EXECUTABLE_FOLDER_PATH)/instafy";
			};
			name = Release;
		};
		33F6FF5C2BEE6F8800BF99D1 /* Debug */ = {
			isa = XCBuildConfiguration;
			buildSettings = {
				ALWAYS_EMBED_SWIFT_STANDARD_LIBRARIES = YES;
				CODE_SIGN_STYLE = Automatic;
				CURRENT_PROJECT_VERSION = 1;
				GENERATE_INFOPLIST_FILE = YES;
				MARKETING_VERSION = 1.0;
				PRODUCT_BUNDLE_IDENTIFIER = com.metroed.instafyUITests;
				PRODUCT_NAME = "$(TARGET_NAME)";
				SWIFT_EMIT_LOC_STRINGS = NO;
				SWIFT_VERSION = 5.0;
				TARGETED_DEVICE_FAMILY = "1,2";
				TEST_TARGET_NAME = instafy;
			};
			name = Debug;
		};
		33F6FF5D2BEE6F8800BF99D1 /* Release */ = {
			isa = XCBuildConfiguration;
			buildSettings = {
				ALWAYS_EMBED_SWIFT_STANDARD_LIBRARIES = YES;
				CODE_SIGN_STYLE = Automatic;
				CURRENT_PROJECT_VERSION = 1;
				GENERATE_INFOPLIST_FILE = YES;
				MARKETING_VERSION = 1.0;
				PRODUCT_BUNDLE_IDENTIFIER = com.metroed.instafyUITests;
				PRODUCT_NAME = "$(TARGET_NAME)";
				SWIFT_EMIT_LOC_STRINGS = NO;
				SWIFT_VERSION = 5.0;
				TARGETED_DEVICE_FAMILY = "1,2";
				TEST_TARGET_NAME = instafy;
			};
			name = Release;
		};
/* End XCBuildConfiguration section */

/* Begin XCConfigurationList section */
		33F6FF2C2BEE6F8600BF99D1 /* Build configuration list for PBXProject "instafy" */ = {
			isa = XCConfigurationList;
			buildConfigurations = (
				33F6FF532BEE6F8800BF99D1 /* Debug */,
				33F6FF542BEE6F8800BF99D1 /* Release */,
			);
			defaultConfigurationIsVisible = 0;
			defaultConfigurationName = Release;
		};
		33F6FF552BEE6F8800BF99D1 /* Build configuration list for PBXNativeTarget "instafy" */ = {
			isa = XCConfigurationList;
			buildConfigurations = (
				33F6FF562BEE6F8800BF99D1 /* Debug */,
				33F6FF572BEE6F8800BF99D1 /* Release */,
			);
			defaultConfigurationIsVisible = 0;
			defaultConfigurationName = Release;
		};
		33F6FF582BEE6F8800BF99D1 /* Build configuration list for PBXNativeTarget "instafyTests" */ = {
			isa = XCConfigurationList;
			buildConfigurations = (
				33F6FF592BEE6F8800BF99D1 /* Debug */,
				33F6FF5A2BEE6F8800BF99D1 /* Release */,
			);
			defaultConfigurationIsVisible = 0;
			defaultConfigurationName = Release;
		};
		33F6FF5B2BEE6F8800BF99D1 /* Build configuration list for PBXNativeTarget "instafyUITests" */ = {
			isa = XCConfigurationList;
			buildConfigurations = (
				33F6FF5C2BEE6F8800BF99D1 /* Debug */,
				33F6FF5D2BEE6F8800BF99D1 /* Release */,
			);
			defaultConfigurationIsVisible = 0;
			defaultConfigurationName = Release;
		};
/* End XCConfigurationList section */
	};
	rootObject = 33F6FF292BEE6F8600BF99D1 /* Project object */;
}
